<?xml version="1.0" encoding="utf-8"?>
<Project ToolsVersion="16.0" xmlns="http://schemas.microsoft.com/developer/msbuild/2003">
  <ItemGroup>
    <ClCompile Include="Z:\Windows-Service-Concept\SampleService\Svc\Svc.cpp">
      <Filter>Source Files</Filter>
    </ClCompile>
  </ItemGroup>
  <ItemGroup>
    <CustomBuild Include="Z:\Windows-Service-Concept\SampleService\Svc\CMakeLists.txt" />
  </ItemGroup>
  <ItemGroup>
    <Filter Include="Source Files">
      <UniqueIdentifier>{07B8B526-2818-3D48-97BA-CD03F1D57D09}</UniqueIdentifier>
    </Filter>
  </ItemGroup>
</Project>
